Microsoft Visual Studio Solution File, Format Version 12.00
# Visual Studio Version 17
VisualStudioVersion = 17.5.2.0
MinimumVisualStudioVersion = 10.0.40219.1
Project("{FAE04EC0-301F-11D3-BF4B-00C04F79EFBC}") = "esi-webapp", "esi-webapp.csproj", "{6A203E33-308A-D4E1-FF7E-66A3C1F41E60}"
EndProject
Global
	GlobalSection(SolutionConfigurationPlatforms) = preSolution
		Debug|Any CPU = Debug|Any CPU
		Release|Any CPU = Release|Any CPU
	EndGlobalSection
	GlobalSection(ProjectConfigurationPlatforms) = postSolution
		{6A203E33-308A-D4E1-FF7E-66A3C1F41E60}.Debug|Any CPU.ActiveCfg = Debug|Any CPU
		{6A203E33-308A-D4E1-FF7E-66A3C1F41E60}.Debug|Any CPU.Build.0 = Debug|Any CPU
		{6A203E33-308A-D4E1-FF7E-66A3C1F41E60}.Release|Any CPU.ActiveCfg = Release|Any CPU
		{6A203E33-308A-D4E1-FF7E-66A3C1F41E60}.Release|Any CPU.Build.0 = Release|Any CPU
	EndGlobalSection
	GlobalSection(SolutionProperties) = preSolution
		HideSolutionNode = FALSE
	EndGlobalSection
	GlobalSection(ExtensibilityGlobals) = postSolution
		SolutionGuid = {5B78DAD1-2A7F-48E8-8084-ED555F219EA1}
	EndGlobalSection
EndGlobal
